# This file is automatically generated by uv.
# It is not meant for manual editing.
manifest_version = "1.0.0"

[[package]]
name = "pgvector"
version = "0.2.5"
summary = "pgvector support for Python"
dependencies = [
    "SQLAlchemy>=1.4.0",
]

[[package]]
name = "psycopg"
version = "3.1.18"
summary = "PostgreSQL database adapter for Python"
dependencies = [
    "typing-extensions>=4.1",
]

[[package]]
name = "sqlalchemy"
version = "2.0.30"
summary = "Database Abstraction Library"
dependencies = [
    "typing-extensions>=4.6.0",
]

[[package]]
name = "typing-extensions"
version = "4.10.0"
summary = "Backported and Experimental Type Hints for Python 3.8+"